{
  "object": {
    "pins": [
      {
        "package": "Alliances",
        "repositoryURL": "https://github.com/Mechagnome/Alliances",
        "state": {
          "branch": null,
          "revision": "36d56765242d2896a3c867e54484687bc2235e50",
          "version": "1.0.0"
        }
      },
      {
        "package": "Stem",
        "repositoryURL": "https://github.com/linhay/Stem.git",
        "state": {
          "branch": "master",
          "revision": "5646bc8c24c99112be3c4dd034596ad8db34779e",
          "version": null
        }
      }
    ]
  },
  "version": 1
}
