{
  "object": {
    "pins": [
      {
        "package": "Alliances",
        "repositoryURL": "https://github.com/Mechagnome/Alliances",
        "state": {
          "branch": null,
          "revision": "36d56765242d2896a3c867e54484687bc2235e50",
          "version": "1.0.0"
        }
      },
      {
        "package": "Stem",
        "repositoryURL": "https://github.com/linhay/Stem.git",
        "state": {
          "branch": "master",
          "revision": "1910f9a5c453d52c867d61c1134ce68c303f569f",
          "version": null
        }
      },
      {
        "package": "SwiftShell",
        "repositoryURL": "https://github.com/kareman/SwiftShell",
        "state": {
          "branch": null,
          "revision": "99680b2efc7c7dbcace1da0b3979d266f02e213c",
          "version": "5.1.0"
        }
      }
    ]
  },
  "version": 1
}
